// !$*UTF8*$!
{
	archiveVersion = 1;
	classes = {
	};
	objectVersion = 56;
	objects = {

/* Begin PBXBuildFile section */
		8416B4E92A0BE10600F319A7 /* AppDelegate.swift in Sources */ = {isa = PBXBuildFile; fileRef = 8416B4E82A0BE10600F319A7 /* AppDelegate.swift */; };
		8416B4EB2A0BE10600F319A7 /* SceneDelegate.swift in Sources */ = {isa = PBXBuildFile; fileRef = 8416B4EA2A0BE10600F319A7 /* SceneDelegate.swift */; };
		8416B4ED2A0BE10600F319A7 /* MainViewController.swift in Sources */ = {isa = PBXBuildFile; fileRef = 8416B4EC2A0BE10600F319A7 /* MainViewController.swift */; };
		8416B4F32A0BE10600F319A7 /* LiveScore_Admin.xcdatamodeld in Sources */ = {isa = PBXBuildFile; fileRef = 8416B4F12A0BE10600F319A7 /* LiveScore_Admin.xcdatamodeld */; };
		8416B4F52A0BE10C00F319A7 /* Assets.xcassets in Resources */ = {isa = PBXBuildFile; fileRef = 8416B4F42A0BE10C00F319A7 /* Assets.xcassets */; };
		8416B4F82A0BE10C00F319A7 /* LaunchScreen.storyboard in Resources */ = {isa = PBXBuildFile; fileRef = 8416B4F62A0BE10C00F319A7 /* LaunchScreen.storyboard */; };
		8416B5032A0BEF8600F319A7 /* MatchesViewController.swift in Sources */ = {isa = PBXBuildFile; fileRef = 8416B5022A0BEF8600F319A7 /* MatchesViewController.swift */; };
		8416B5052A0BEFAB00F319A7 /* FavoritesViewController.swift in Sources */ = {isa = PBXBuildFile; fileRef = 8416B5042A0BEFAB00F319A7 /* FavoritesViewController.swift */; };
		8416B5072A0BEFBF00F319A7 /* ProfileViewController.swift in Sources */ = {isa = PBXBuildFile; fileRef = 8416B5062A0BEFBE00F319A7 /* ProfileViewController.swift */; };
		84B019A82A1F7B8F00CBFD88 /* GamesTableViewCell.swift in Sources */ = {isa = PBXBuildFile; fileRef = 84B019A72A1F7B8F00CBFD88 /* GamesTableViewCell.swift */; };
		D711755266D830BF7687C118 /* Pods_LiveScore_Admin.framework in Frameworks */ = {isa = PBXBuildFile; fileRef = CC3DA6D1C16DD680EBA198A0 /* Pods_LiveScore_Admin.framework */; };
/* End PBXBuildFile section */

/* Begin PBXFileReference section */
		3EFE41640AF92D1B8B1C7A22 /* Pods-LiveScore Admin.release.xcconfig */ = {isa = PBXFileReference; includeInIndex = 1; lastKnownFileType = text.xcconfig; name = "Pods-LiveScore Admin.release.xcconfig"; path = "Target Support Files/Pods-LiveScore Admin/Pods-LiveScore Admin.release.xcconfig"; sourceTree = "<group>"; };
		61C3A7CC53841116BE500B2D /* Pods-LiveScore Admin.debug.xcconfig */ = {isa = PBXFileReference; includeInIndex = 1; lastKnownFileType = text.xcconfig; name = "Pods-LiveScore Admin.debug.xcconfig"; path = "Target Support Files/Pods-LiveScore Admin/Pods-LiveScore Admin.debug.xcconfig"; sourceTree = "<group>"; };
		8416B4E52A0BE10600F319A7 /* LiveScore Admin.app */ = {isa = PBXFileReference; explicitFileType = wrapper.application; includeInIndex = 0; path = "LiveScore Admin.app"; sourceTree = BUILT_PRODUCTS_DIR; };
		8416B4E82A0BE10600F319A7 /* AppDelegate.swift */ = {isa = PBXFileReference; lastKnownFileType = sourcecode.swift; path = AppDelegate.swift; sourceTree = "<group>"; };
		8416B4EA2A0BE10600F319A7 /* SceneDelegate.swift */ = {isa = PBXFileReference; lastKnownFileType = sourcecode.swift; path = SceneDelegate.swift; sourceTree = "<group>"; };
		8416B4EC2A0BE10600F319A7 /* MainViewController.swift */ = {isa = PBXFileReference; lastKnownFileType = sourcecode.swift; path = MainViewController.swift; sourceTree = "<group>"; };
		8416B4F22A0BE10600F319A7 /* LiveScore_Admin.xcdatamodel */ = {isa = PBXFileReference; lastKnownFileType = wrapper.xcdatamodel; path = LiveScore_Admin.xcdatamodel; sourceTree = "<group>"; };
		8416B4F42A0BE10C00F319A7 /* Assets.xcassets */ = {isa = PBXFileReference; lastKnownFileType = folder.assetcatalog; path = Assets.xcassets; sourceTree = "<group>"; };
		8416B4F72A0BE10C00F319A7 /* Base */ = {isa = PBXFileReference; lastKnownFileType = file.storyboard; name = Base; path = Base.lproj/LaunchScreen.storyboard; sourceTree = "<group>"; };
		8416B4F92A0BE10C00F319A7 /* Info.plist */ = {isa = PBXFileReference; lastKnownFileType = text.plist.xml; path = Info.plist; sourceTree = "<group>"; };
		8416B5022A0BEF8600F319A7 /* MatchesViewController.swift */ = {isa = PBXFileReference; lastKnownFileType = sourcecode.swift; path = MatchesViewController.swift; sourceTree = "<group>"; };
		8416B5042A0BEFAB00F319A7 /* FavoritesViewController.swift */ = {isa = PBXFileReference; lastKnownFileType = sourcecode.swift; path = FavoritesViewController.swift; sourceTree = "<group>"; };
		8416B5062A0BEFBE00F319A7 /* ProfileViewController.swift */ = {isa = PBXFileReference; lastKnownFileType = sourcecode.swift; path = ProfileViewController.swift; sourceTree = "<group>"; };
		84B019A72A1F7B8F00CBFD88 /* GamesTableViewCell.swift */ = {isa = PBXFileReference; lastKnownFileType = sourcecode.swift; path = GamesTableViewCell.swift; sourceTree = "<group>"; };
		CC3DA6D1C16DD680EBA198A0 /* Pods_LiveScore_Admin.framework */ = {isa = PBXFileReference; explicitFileType = wrapper.framework; includeInIndex = 0; path = Pods_LiveScore_Admin.framework; sourceTree = BUILT_PRODUCTS_DIR; };
/* End PBXFileReference section */

/* Begin PBXFrameworksBuildPhase section */
		8416B4E22A0BE10600F319A7 /* Frameworks */ = {
			isa = PBXFrameworksBuildPhase;
			buildActionMask = 2147483647;
			files = (
				D711755266D830BF7687C118 /* Pods_LiveScore_Admin.framework in Frameworks */,
			);
			runOnlyForDeploymentPostprocessing = 0;
		};
/* End PBXFrameworksBuildPhase section */

/* Begin PBXGroup section */
		2A709E199BAFF4D4F724ECD0 /* Frameworks */ = {
			isa = PBXGroup;
			children = (
				CC3DA6D1C16DD680EBA198A0 /* Pods_LiveScore_Admin.framework */,
			);
			name = Frameworks;
			sourceTree = "<group>";
		};
		62A24CD22137CF4118EA661F /* Pods */ = {
			isa = PBXGroup;
			children = (
				61C3A7CC53841116BE500B2D /* Pods-LiveScore Admin.debug.xcconfig */,
				3EFE41640AF92D1B8B1C7A22 /* Pods-LiveScore Admin.release.xcconfig */,
			);
			path = Pods;
			sourceTree = "<group>";
		};
		8416B4DC2A0BE10600F319A7 = {
			isa = PBXGroup;
			children = (
				8416B4E72A0BE10600F319A7 /* LiveScore Admin */,
				8416B4E62A0BE10600F319A7 /* Products */,
				62A24CD22137CF4118EA661F /* Pods */,
				2A709E199BAFF4D4F724ECD0 /* Frameworks */,
			);
			sourceTree = "<group>";
		};
		8416B4E62A0BE10600F319A7 /* Products */ = {
			isa = PBXGroup;
			children = (
				8416B4E52A0BE10600F319A7 /* LiveScore Admin.app */,
			);
			name = Products;
			sourceTree = "<group>";
		};
		8416B4E72A0BE10600F319A7 /* LiveScore Admin */ = {
			isa = PBXGroup;
			children = (
				8416B4E82A0BE10600F319A7 /* AppDelegate.swift */,
				8416B4EA2A0BE10600F319A7 /* SceneDelegate.swift */,
				8416B4EC2A0BE10600F319A7 /* MainViewController.swift */,
				84B019A52A1F7B3C00CBFD88 /* Matches */,
				8416B5012A0BEF4600F319A7 /* Controller */,
				8416B4F42A0BE10C00F319A7 /* Assets.xcassets */,
				8416B4F62A0BE10C00F319A7 /* LaunchScreen.storyboard */,
				8416B4F92A0BE10C00F319A7 /* Info.plist */,
				8416B4F12A0BE10600F319A7 /* LiveScore_Admin.xcdatamodeld */,
			);
			path = "LiveScore Admin";
			sourceTree = "<group>";
		};
		8416B4FF2A0BEF3000F319A7 /* Model */ = {
			isa = PBXGroup;
			children = (
			);
			path = Model;
			sourceTree = "<group>";
		};
		8416B5002A0BEF3C00F319A7 /* View */ = {
			isa = PBXGroup;
			children = (
				84B019A72A1F7B8F00CBFD88 /* GamesTableViewCell.swift */,
			);
			path = View;
			sourceTree = "<group>";
		};
		8416B5012A0BEF4600F319A7 /* Controller */ = {
			isa = PBXGroup;
			children = (
				8416B5042A0BEFAB00F319A7 /* FavoritesViewController.swift */,
				8416B5062A0BEFBE00F319A7 /* ProfileViewController.swift */,
			);
			path = Controller;
			sourceTree = "<group>";
		};
		84B019A52A1F7B3C00CBFD88 /* Matches */ = {
			isa = PBXGroup;
			children = (
				8416B4FF2A0BEF3000F319A7 /* Model */,
				8416B5002A0BEF3C00F319A7 /* View */,
				84B019A62A1F7B5E00CBFD88 /* Controller */,
			);
			path = Matches;
			sourceTree = "<group>";
		};
		84B019A62A1F7B5E00CBFD88 /* Controller */ = {
			isa = PBXGroup;
			children = (
				8416B5022A0BEF8600F319A7 /* MatchesViewController.swift */,
			);
			path = Controller;
			sourceTree = "<group>";
		};
/* End PBXGroup section */

/* Begin PBXNativeTarget section */
		8416B4E42A0BE10600F319A7 /* LiveScore Admin */ = {
			isa = PBXNativeTarget;
			buildConfigurationList = 8416B4FC2A0BE10C00F319A7 /* Build configuration list for PBXNativeTarget "LiveScore Admin" */;
			buildPhases = (
				1FF7BE88BBD2CF03D4F48C24 /* [CP] Check Pods Manifest.lock */,
				8416B4E12A0BE10600F319A7 /* Sources */,
				8416B4E22A0BE10600F319A7 /* Frameworks */,
				8416B4E32A0BE10600F319A7 /* Resources */,
				B5192E8D2F7C2FC796F50995 /* [CP] Embed Pods Frameworks */,
			);
			buildRules = (
			);
			dependencies = (
			);
			name = "LiveScore Admin";
			productName = "LiveScore Admin";
			productReference = 8416B4E52A0BE10600F319A7 /* LiveScore Admin.app */;
			productType = "com.apple.product-type.application";
		};
/* End PBXNativeTarget section */

/* Begin PBXProject section */
		8416B4DD2A0BE10600F319A7 /* Project object */ = {
			isa = PBXProject;
			attributes = {
				BuildIndependentTargetsInParallel = 1;
				LastSwiftUpdateCheck = 1420;
				LastUpgradeCheck = 1420;
				TargetAttributes = {
					8416B4E42A0BE10600F319A7 = {
						CreatedOnToolsVersion = 14.2;
					};
				};
			};
			buildConfigurationList = 8416B4E02A0BE10600F319A7 /* Build configuration list for PBXProject "LiveScore Admin" */;
			compatibilityVersion = "Xcode 14.0";
			developmentRegion = en;
			hasScannedForEncodings = 0;
			knownRegions = (
				en,
				Base,
			);
			mainGroup = 8416B4DC2A0BE10600F319A7;
			productRefGroup = 8416B4E62A0BE10600F319A7 /* Products */;
			projectDirPath = "";
			projectRoot = "";
			targets = (
				8416B4E42A0BE10600F319A7 /* LiveScore Admin */,
			);
		};
/* End PBXProject section */

/* Begin PBXResourcesBuildPhase section */
		8416B4E32A0BE10600F319A7 /* Resources */ = {
			isa = PBXResourcesBuildPhase;
			buildActionMask = 2147483647;
			files = (
				8416B4F82A0BE10C00F319A7 /* LaunchScreen.storyboard in Resources */,
				8416B4F52A0BE10C00F319A7 /* Assets.xcassets in Resources */,
			);
			runOnlyForDeploymentPostprocessing = 0;
		};
/* End PBXResourcesBuildPhase section */

/* Begin PBXShellScriptBuildPhase section */
		1FF7BE88BBD2CF03D4F48C24 /* [CP] Check Pods Manifest.lock */ = {
			isa = PBXShellScriptBuildPhase;
			buildActionMask = 2147483647;
			files = (
			);
			inputFileListPaths = (
			);
			inputPaths = (
				"${PODS_PODFILE_DIR_PATH}/Podfile.lock",
				"${PODS_ROOT}/Manifest.lock",
			);
			name = "[CP] Check Pods Manifest.lock";
			outputFileListPaths = (
			);
			outputPaths = (
				"$(DERIVED_FILE_DIR)/Pods-LiveScore Admin-checkManifestLockResult.txt",
			);
			runOnlyForDeploymentPostprocessing = 0;
			shellPath = /bin/sh;
			shellScript = "diff \"${PODS_PODFILE_DIR_PATH}/Podfile.lock\" \"${PODS_ROOT}/Manifest.lock\" > /dev/null\nif [ $? != 0 ] ; then\n    # print error to STDERR\n    echo \"error: The sandbox is not in sync with the Podfile.lock. Run 'pod install' or update your CocoaPods installation.\" >&2\n    exit 1\nfi\n# This output is used by Xcode 'outputs' to avoid re-running this script phase.\necho \"SUCCESS\" > \"${SCRIPT_OUTPUT_FILE_0}\"\n";
			showEnvVarsInLog = 0;
		};
		B5192E8D2F7C2FC796F50995 /* [CP] Embed Pods Frameworks */ = {
			isa = PBXShellScriptBuildPhase;
			buildActionMask = 2147483647;
			files = (
			);
			inputFileListPaths = (
				"${PODS_ROOT}/Target Support Files/Pods-LiveScore Admin/Pods-LiveScore Admin-frameworks-${CONFIGURATION}-input-files.xcfilelist",
			);
			name = "[CP] Embed Pods Frameworks";
			outputFileListPaths = (
				"${PODS_ROOT}/Target Support Files/Pods-LiveScore Admin/Pods-LiveScore Admin-frameworks-${CONFIGURATION}-output-files.xcfilelist",
			);
			runOnlyForDeploymentPostprocessing = 0;
			shellPath = /bin/sh;
			shellScript = "\"${PODS_ROOT}/Target Support Files/Pods-LiveScore Admin/Pods-LiveScore Admin-frameworks.sh\"\n";
			showEnvVarsInLog = 0;
		};
/* End PBXShellScriptBuildPhase section */

/* Begin PBXSourcesBuildPhase section */
		8416B4E12A0BE10600F319A7 /* Sources */ = {
			isa = PBXSourcesBuildPhase;
			buildActionMask = 2147483647;
			files = (
				8416B4F32A0BE10600F319A7 /* LiveScore_Admin.xcdatamodeld in Sources */,
				8416B4ED2A0BE10600F319A7 /* MainViewController.swift in Sources */,
				8416B5032A0BEF8600F319A7 /* MatchesViewController.swift in Sources */,
				84B019A82A1F7B8F00CBFD88 /* GamesTableViewCell.swift in Sources */,
				8416B4E92A0BE10600F319A7 /* AppDelegate.swift in Sources */,
				8416B5072A0BEFBF00F319A7 /* ProfileViewController.swift in Sources */,
				8416B5052A0BEFAB00F319A7 /* FavoritesViewController.swift in Sources */,
				8416B4EB2A0BE10600F319A7 /* SceneDelegate.swift in Sources */,
			);
			runOnlyForDeploymentPostprocessing = 0;
		};
/* End PBXSourcesBuildPhase section */

/* Begin PBXVariantGroup section */
		8416B4F62A0BE10C00F319A7 /* LaunchScreen.storyboard */ = {
			isa = PBXVariantGroup;
			children = (
				8416B4F72A0BE10C00F319A7 /* Base */,
			);
			name = LaunchScreen.storyboard;
			sourceTree = "<group>";
		};
/* End PBXVariantGroup section */

/* Begin XCBuildConfiguration section */
		8416B4FA2A0BE10C00F319A7 /* Debug */ = {
			isa = XCBuildConfiguration;
			buildSettings = {
				ALWAYS_SEARCH_USER_PATHS = NO;
				CLANG_ANALYZER_NONNULL = YES;
				CLANG_ANALYZER_NUMBER_OBJECT_CONVERSION = YES_AGGRESSIVE;
				CLANG_CXX_LANGUAGE_STANDARD = "gnu++20";
				CLANG_ENABLE_MODULES = YES;
				CLANG_ENABLE_OBJC_ARC = YES;
				CLANG_ENABLE_OBJC_WEAK = YES;
				CLANG_WARN_BLOCK_CAPTURE_AUTORELEASING = YES;
				CLANG_WARN_BOOL_CONVERSION = YES;
				CLANG_WARN_COMMA = YES;
				CLANG_WARN_CONSTANT_CONVERSION = YES;
				CLANG_WARN_DEPRECATED_OBJC_IMPLEMENTATIONS = YES;
				CLANG_WARN_DIRECT_OBJC_ISA_USAGE = YES_ERROR;
				CLANG_WARN_DOCUMENTATION_COMMENTS = YES;
				CLANG_WARN_EMPTY_BODY = YES;
				CLANG_WARN_ENUM_CONVERSION = YES;
				CLANG_WARN_INFINITE_RECURSION = YES;
				CLANG_WARN_INT_CONVERSION = YES;
				CLANG_WARN_NON_LITERAL_NULL_CONVERSION = YES;
				CLANG_WARN_OBJC_IMPLICIT_RETAIN_SELF = YES;
				CLANG_WARN_OBJC_LITERAL_CONVERSION = YES;
				CLANG_WARN_OBJC_ROOT_CLASS = YES_ERROR;
				CLANG_WARN_QUOTED_INCLUDE_IN_FRAMEWORK_HEADER = YES;
				CLANG_WARN_RANGE_LOOP_ANALYSIS = YES;
				CLANG_WARN_STRICT_PROTOTYPES = YES;
				CLANG_WARN_SUSPICIOUS_MOVE = YES;
				CLANG_WARN_UNGUARDED_AVAILABILITY = YES_AGGRESSIVE;
				CLANG_WARN_UNREACHABLE_CODE = YES;
				CLANG_WARN__DUPLICATE_METHOD_MATCH = YES;
				COPY_PHASE_STRIP = NO;
				DEBUG_INFORMATION_FORMAT = dwarf;
				ENABLE_STRICT_OBJC_MSGSEND = YES;
				ENABLE_TESTABILITY = YES;
				GCC_C_LANGUAGE_STANDARD = gnu11;
				GCC_DYNAMIC_NO_PIC = NO;
				GCC_NO_COMMON_BLOCKS = YES;
				GCC_OPTIMIZATION_LEVEL = 0;
				GCC_PREPROCESSOR_DEFINITIONS = (
					"DEBUG=1",
					"$(inherited)",
				);
				GCC_WARN_64_TO_32_BIT_CONVERSION = YES;
				GCC_WARN_ABOUT_RETURN_TYPE = YES_ERROR;
				GCC_WARN_UNDECLARED_SELECTOR = YES;
				GCC_WARN_UNINITIALIZED_AUTOS = YES_AGGRESSIVE;
				GCC_WARN_UNUSED_FUNCTION = YES;
				GCC_WARN_UNUSED_VARIABLE = YES;
				IPHONEOS_DEPLOYMENT_TARGET = 16.2;
				MTL_ENABLE_DEBUG_INFO = INCLUDE_SOURCE;
				MTL_FAST_MATH = YES;
				ONLY_ACTIVE_ARCH = YES;
				SDKROOT = iphoneos;
				SWIFT_ACTIVE_COMPILATION_CONDITIONS = DEBUG;
				SWIFT_OPTIMIZATION_LEVEL = "-Onone";
			};
			name = Debug;
		};
		8416B4FB2A0BE10C00F319A7 /* Release */ = {
			isa = XCBuildConfiguration;
			buildSettings = {
				ALWAYS_SEARCH_USER_PATHS = NO;
				CLANG_ANALYZER_NONNULL = YES;
				CLANG_ANALYZER_NUMBER_OBJECT_CONVERSION = YES_AGGRESSIVE;
				CLANG_CXX_LANGUAGE_STANDARD = "gnu++20";
				CLANG_ENABLE_MODULES = YES;
				CLANG_ENABLE_OBJC_ARC = YES;
				CLANG_ENABLE_OBJC_WEAK = YES;
				CLANG_WARN_BLOCK_CAPTURE_AUTORELEASING = YES;
				CLANG_WARN_BOOL_CONVERSION = YES;
				CLANG_WARN_COMMA = YES;
				CLANG_WARN_CONSTANT_CONVERSION = YES;
				CLANG_WARN_DEPRECATED_OBJC_IMPLEMENTATIONS = YES;
				CLANG_WARN_DIRECT_OBJC_ISA_USAGE = YES_ERROR;
				CLANG_WARN_DOCUMENTATION_COMMENTS = YES;
				CLANG_WARN_EMPTY_BODY = YES;
				CLANG_WARN_ENUM_CONVERSION = YES;
				CLANG_WARN_INFINITE_RECURSION = YES;
				CLANG_WARN_INT_CONVERSION = YES;
				CLANG_WARN_NON_LITERAL_NULL_CONVERSION = YES;
				CLANG_WARN_OBJC_IMPLICIT_RETAIN_SELF = YES;
				CLANG_WARN_OBJC_LITERAL_CONVERSION = YES;
				CLANG_WARN_OBJC_ROOT_CLASS = YES_ERROR;
				CLANG_WARN_QUOTED_INCLUDE_IN_FRAMEWORK_HEADER = YES;
				CLANG_WARN_RANGE_LOOP_ANALYSIS = YES;
				CLANG_WARN_STRICT_PROTOTYPES = YES;
				CLANG_WARN_SUSPICIOUS_MOVE = YES;
				CLANG_WARN_UNGUARDED_AVAILABILITY = YES_AGGRESSIVE;
				CLANG_WARN_UNREACHABLE_CODE = YES;
				CLANG_WARN__DUPLICATE_METHOD_MATCH = YES;
				COPY_PHASE_STRIP = NO;
				DEBUG_INFORMATION_FORMAT = "dwarf-with-dsym";
				ENABLE_NS_ASSERTIONS = NO;
				ENABLE_STRICT_OBJC_MSGSEND = YES;
				GCC_C_LANGUAGE_STANDARD = gnu11;
				GCC_NO_COMMON_BLOCKS = YES;
				GCC_WARN_64_TO_32_BIT_CONVERSION = YES;
				GCC_WARN_ABOUT_RETURN_TYPE = YES_ERROR;
				GCC_WARN_UNDECLARED_SELECTOR = YES;
				GCC_WARN_UNINITIALIZED_AUTOS = YES_AGGRESSIVE;
				GCC_WARN_UNUSED_FUNCTION = YES;
				GCC_WARN_UNUSED_VARIABLE = YES;
				IPHONEOS_DEPLOYMENT_TARGET = 16.2;
				MTL_ENABLE_DEBUG_INFO = NO;
				MTL_FAST_MATH = YES;
				SDKROOT = iphoneos;
				SWIFT_COMPILATION_MODE = wholemodule;
				SWIFT_OPTIMIZATION_LEVEL = "-O";
				VALIDATE_PRODUCT = YES;
			};
			name = Release;
		};
		8416B4FD2A0BE10C00F319A7 /* Debug */ = {
			isa = XCBuildConfiguration;
			baseConfigurationReference = 61C3A7CC53841116BE500B2D /* Pods-LiveScore Admin.debug.xcconfig */;
			buildSettings = {
				ASSETCATALOG_COMPILER_APPICON_NAME = AppIcon;
				ASSETCATALOG_COMPILER_GLOBAL_ACCENT_COLOR_NAME = AccentColor;
				CODE_SIGN_STYLE = Automatic;
				CURRENT_PROJECT_VERSION = 1;
				DEVELOPMENT_TEAM = L3N8NDWZJN;
				GENERATE_INFOPLIST_FILE = YES;
				INFOPLIST_FILE = "LiveScore Admin/Info.plist";
				INFOPLIST_KEY_UIApplicationSupportsIndirectInputEvents = YES;
				INFOPLIST_KEY_UILaunchStoryboardName = LaunchScreen;
				INFOPLIST_KEY_UISupportedInterfaceOrientations_iPad = "UIInterfaceOrientationPortrait UIInterfaceOrientationPortraitUpsideDown UIInterfaceOrientationLandscapeLeft UIInterfaceOrientationLandscapeRight";
				INFOPLIST_KEY_UISupportedInterfaceOrientations_iPhone = "UIInterfaceOrientationPortrait UIInterfaceOrientationLandscapeLeft UIInterfaceOrientationLandscapeRight";
				LD_RUNPATH_SEARCH_PATHS = (
					"$(inherited)",
					"@executable_path/Frameworks",
				);
				MARKETING_VERSION = 1.0;
				PRODUCT_BUNDLE_IDENTIFIER = "sdu.edu.arujan.kz.LiveScore-Admin";
				PRODUCT_NAME = "$(TARGET_NAME)";
				SWIFT_EMIT_LOC_STRINGS = YES;
				SWIFT_VERSION = 5.0;
				TARGETED_DEVICE_FAMILY = "1,2";
			};
			name = Debug;
		};
		8416B4FE2A0BE10C00F319A7 /* Release */ = {
			isa = XCBuildConfiguration;
			baseConfigurationReference = 3EFE41640AF92D1B8B1C7A22 /* Pods-LiveScore Admin.release.xcconfig */;
			buildSettings = {
				ASSETCATALOG_COMPILER_APPICON_NAME = AppIcon;
				ASSETCATALOG_COMPILER_GLOBAL_ACCENT_COLOR_NAME = AccentColor;
				CODE_SIGN_STYLE = Automatic;
				CURRENT_PROJECT_VERSION = 1;
				DEVELOPMENT_TEAM = L3N8NDWZJN;
				GENERATE_INFOPLIST_FILE = YES;
				INFOPLIST_FILE = "LiveScore Admin/Info.plist";
				INFOPLIST_KEY_UIApplicationSupportsIndirectInputEvents = YES;
				INFOPLIST_KEY_UILaunchStoryboardName = LaunchScreen;
				INFOPLIST_KEY_UISupportedInterfaceOrientations_iPad = "UIInterfaceOrientationPortrait UIInterfaceOrientationPortraitUpsideDown UIInterfaceOrientationLandscapeLeft UIInterfaceOrientationLandscapeRight";
				INFOPLIST_KEY_UISupportedInterfaceOrientations_iPhone = "UIInterfaceOrientationPortrait UIInterfaceOrientationLandscapeLeft UIInterfaceOrientationLandscapeRight";
				LD_RUNPATH_SEARCH_PATHS = (
					"$(inherited)",
					"@executable_path/Frameworks",
				);
				MARKETING_VERSION = 1.0;
				PRODUCT_BUNDLE_IDENTIFIER = "sdu.edu.arujan.kz.LiveScore-Admin";
				PRODUCT_NAME = "$(TARGET_NAME)";
				SWIFT_EMIT_LOC_STRINGS = YES;
				SWIFT_VERSION = 5.0;
				TARGETED_DEVICE_FAMILY = "1,2";
			};
			name = Release;
		};
/* End XCBuildConfiguration section */

/* Begin XCConfigurationList section */
		8416B4E02A0BE10600F319A7 /* Build configuration list for PBXProject "LiveScore Admin" */ = {
			isa = XCConfigurationList;
			buildConfigurations = (
				8416B4FA2A0BE10C00F319A7 /* Debug */,
				8416B4FB2A0BE10C00F319A7 /* Release */,
			);
			defaultConfigurationIsVisible = 0;
			defaultConfigurationName = Release;
		};
		8416B4FC2A0BE10C00F319A7 /* Build configuration list for PBXNativeTarget "LiveScore Admin" */ = {
			isa = XCConfigurationList;
			buildConfigurations = (
				8416B4FD2A0BE10C00F319A7 /* Debug */,
				8416B4FE2A0BE10C00F319A7 /* Release */,
			);
			defaultConfigurationIsVisible = 0;
			defaultConfigurationName = Release;
		};
/* End XCConfigurationList section */

/* Begin XCVersionGroup section */
		8416B4F12A0BE10600F319A7 /* LiveScore_Admin.xcdatamodeld */ = {
			isa = XCVersionGroup;
			children = (
				8416B4F22A0BE10600F319A7 /* LiveScore_Admin.xcdatamodel */,
			);
			currentVersion = 8416B4F22A0BE10600F319A7 /* LiveScore_Admin.xcdatamodel */;
			path = LiveScore_Admin.xcdatamodeld;
			sourceTree = "<group>";
			versionGroupType = wrapper.xcdatamodel;
		};
/* End XCVersionGroup section */
	};
	rootObject = 8416B4DD2A0BE10600F319A7 /* Project object */;
}
